
Microsoft Visual Studio Solution File, Format Version 12.00
# Visual Studio 2013
VisualStudioVersion = 12.0.21005.1
MinimumVisualStudioVersion = 10.0.40219.1
Project("{8BC9CEB8-8B4A-11D0-8D11-00A0C91BC942}") = "rational", "rational\rational.vcxproj", "{F749D5C7-F3C2-4571-AEDF-706F3574C19D}"
EndProject
Global
	GlobalSection(SolutionConfigurationPlatforms) = preSolution
		Debug|Win32 = Debug|Win32
		Release|Win32 = Release|Win32
	EndGlobalSection
	GlobalSection(ProjectConfigurationPlatforms) = postSolution
		{F749D5C7-F3C2-4571-AEDF-706F3574C19D}.Debug|Win32.ActiveCfg = Debug|Win32
		{F749D5C7-F3C2-4571-AEDF-706F3574C19D}.Debug|Win32.Build.0 = Debug|Win32
		{F749D5C7-F3C2-4571-AEDF-706F3574C19D}.Release|Win32.ActiveCfg = Release|Win32
		{F749D5C7-F3C2-4571-AEDF-706F3574C19D}.Release|Win32.Build.0 = Release|Win32
	EndGlobalSection
	GlobalSection(SolutionProperties) = preSolution
		HideSolutionNode = FALSE
	EndGlobalSection
EndGlobal
